
Microsoft Visual Studio Solution File, Format Version 12.00
# Visual Studio Version 16
VisualStudioVersion = 16.0.30621.155
MinimumVisualStudioVersion = 10.0.40219.1
Project("{FAE04EC0-301F-11D3-BF4B-00C04F79EFBC}") = "Butuza_Elena_Lab10.Android", "Butuza_Elena_Lab10.Android\Butuza_Elena_Lab10.Android.csproj", "{571BB12E-3D88-4307-9FDC-3F64631A7996}"
EndProject
Project("{FAE04EC0-301F-11D3-BF4B-00C04F79EFBC}") = "Butuza_Elena_Lab10.iOS", "Butuza_Elena_Lab10.iOS\Butuza_Elena_Lab10.iOS.csproj", "{E7CA753C-51AC-4815-9E5C-357994A7B93D}"
EndProject
Project("{FAE04EC0-301F-11D3-BF4B-00C04F79EFBC}") = "Butuza_Elena_Lab10", "Butuza_Elena_Lab10\Butuza_Elena_Lab10.csproj", "{79BE7120-E1D7-48B1-81F5-6BAA9BF2C831}"
EndProject
Global
	GlobalSection(SolutionConfigurationPlatforms) = preSolution
		Debug|Any CPU = Debug|Any CPU
		Debug|iPhone = Debug|iPhone
		Debug|iPhoneSimulator = Debug|iPhoneSimulator
		Release|Any CPU = Release|Any CPU
		Release|iPhone = Release|iPhone
		Release|iPhoneSimulator = Release|iPhoneSimulator
	EndGlobalSection
	GlobalSection(ProjectConfigurationPlatforms) = postSolution
		{571BB12E-3D88-4307-9FDC-3F64631A7996}.Debug|Any CPU.ActiveCfg = Debug|Any CPU
		{571BB12E-3D88-4307-9FDC-3F64631A7996}.Debug|Any CPU.Build.0 = Debug|Any CPU
		{571BB12E-3D88-4307-9FDC-3F64631A7996}.Debug|Any CPU.Deploy.0 = Debug|Any CPU
		{571BB12E-3D88-4307-9FDC-3F64631A7996}.Debug|iPhone.ActiveCfg = Debug|Any CPU
		{571BB12E-3D88-4307-9FDC-3F64631A7996}.Debug|iPhone.Build.0 = Debug|Any CPU
		{571BB12E-3D88-4307-9FDC-3F64631A7996}.Debug|iPhone.Deploy.0 = Debug|Any CPU
		{571BB12E-3D88-4307-9FDC-3F64631A7996}.Debug|iPhoneSimulator.ActiveCfg = Debug|Any CPU
		{571BB12E-3D88-4307-9FDC-3F64631A7996}.Debug|iPhoneSimulator.Build.0 = Debug|Any CPU
		{571BB12E-3D88-4307-9FDC-3F64631A7996}.Debug|iPhoneSimulator.Deploy.0 = Debug|Any CPU
		{571BB12E-3D88-4307-9FDC-3F64631A7996}.Release|Any CPU.ActiveCfg = Release|Any CPU
		{571BB12E-3D88-4307-9FDC-3F64631A7996}.Release|Any CPU.Build.0 = Release|Any CPU
		{571BB12E-3D88-4307-9FDC-3F64631A7996}.Release|Any CPU.Deploy.0 = Release|Any CPU
		{571BB12E-3D88-4307-9FDC-3F64631A7996}.Release|iPhone.ActiveCfg = Release|Any CPU
		{571BB12E-3D88-4307-9FDC-3F64631A7996}.Release|iPhone.Build.0 = Release|Any CPU
		{571BB12E-3D88-4307-9FDC-3F64631A7996}.Release|iPhone.Deploy.0 = Release|Any CPU
		{571BB12E-3D88-4307-9FDC-3F64631A7996}.Release|iPhoneSimulator.ActiveCfg = Release|Any CPU
		{571BB12E-3D88-4307-9FDC-3F64631A7996}.Release|iPhoneSimulator.Build.0 = Release|Any CPU
		{571BB12E-3D88-4307-9FDC-3F64631A7996}.Release|iPhoneSimulator.Deploy.0 = Release|Any CPU
		{E7CA753C-51AC-4815-9E5C-357994A7B93D}.Debug|Any CPU.ActiveCfg = Debug|iPhone
		{E7CA753C-51AC-4815-9E5C-357994A7B93D}.Debug|Any CPU.Build.0 = Debug|iPhone
		{E7CA753C-51AC-4815-9E5C-357994A7B93D}.Debug|Any CPU.Deploy.0 = Debug|iPhone
		{E7CA753C-51AC-4815-9E5C-357994A7B93D}.Debug|iPhone.ActiveCfg = Debug|iPhone
		{E7CA753C-51AC-4815-9E5C-357994A7B93D}.Debug|iPhone.Build.0 = Debug|iPhone
		{E7CA753C-51AC-4815-9E5C-357994A7B93D}.Debug|iPhone.Deploy.0 = Debug|iPhone
		{E7CA753C-51AC-4815-9E5C-357994A7B93D}.Debug|iPhoneSimulator.ActiveCfg = Debug|iPhoneSimulator
		{E7CA753C-51AC-4815-9E5C-357994A7B93D}.Debug|iPhoneSimulator.Build.0 = Debug|iPhoneSimulator
		{E7CA753C-51AC-4815-9E5C-357994A7B93D}.Debug|iPhoneSimulator.Deploy.0 = Debug|iPhoneSimulator
		{E7CA753C-51AC-4815-9E5C-357994A7B93D}.Release|Any CPU.ActiveCfg = Release|iPhoneSimulator
		{E7CA753C-51AC-4815-9E5C-357994A7B93D}.Release|Any CPU.Build.0 = Release|iPhoneSimulator
		{E7CA753C-51AC-4815-9E5C-357994A7B93D}.Release|Any CPU.Deploy.0 = Release|iPhoneSimulator
		{E7CA753C-51AC-4815-9E5C-357994A7B93D}.Release|iPhone.ActiveCfg = Release|iPhone
		{E7CA753C-51AC-4815-9E5C-357994A7B93D}.Release|iPhone.Build.0 = Release|iPhone
		{E7CA753C-51AC-4815-9E5C-357994A7B93D}.Release|iPhone.Deploy.0 = Release|iPhone
		{E7CA753C-51AC-4815-9E5C-357994A7B93D}.Release|iPhoneSimulator.ActiveCfg = Release|iPhoneSimulator
		{E7CA753C-51AC-4815-9E5C-357994A7B93D}.Release|iPhoneSimulator.Build.0 = Release|iPhoneSimulator
		{E7CA753C-51AC-4815-9E5C-357994A7B93D}.Release|iPhoneSimulator.Deploy.0 = Release|iPhoneSimulator
		{79BE7120-E1D7-48B1-81F5-6BAA9BF2C831}.Debug|Any CPU.ActiveCfg = Debug|Any CPU
		{79BE7120-E1D7-48B1-81F5-6BAA9BF2C831}.Debug|Any CPU.Build.0 = Debug|Any CPU
		{79BE7120-E1D7-48B1-81F5-6BAA9BF2C831}.Debug|Any CPU.Deploy.0 = Debug|Any CPU
		{79BE7120-E1D7-48B1-81F5-6BAA9BF2C831}.Debug|iPhone.ActiveCfg = Debug|Any CPU
		{79BE7120-E1D7-48B1-81F5-6BAA9BF2C831}.Debug|iPhone.Build.0 = Debug|Any CPU
		{79BE7120-E1D7-48B1-81F5-6BAA9BF2C831}.Debug|iPhone.Deploy.0 = Debug|Any CPU
		{79BE7120-E1D7-48B1-81F5-6BAA9BF2C831}.Debug|iPhoneSimulator.ActiveCfg = Debug|Any CPU
		{79BE7120-E1D7-48B1-81F5-6BAA9BF2C831}.Debug|iPhoneSimulator.Build.0 = Debug|Any CPU
		{79BE7120-E1D7-48B1-81F5-6BAA9BF2C831}.Debug|iPhoneSimulator.Deploy.0 = Debug|Any CPU
		{79BE7120-E1D7-48B1-81F5-6BAA9BF2C831}.Release|Any CPU.ActiveCfg = Release|Any CPU
		{79BE7120-E1D7-48B1-81F5-6BAA9BF2C831}.Release|Any CPU.Build.0 = Release|Any CPU
		{79BE7120-E1D7-48B1-81F5-6BAA9BF2C831}.Release|Any CPU.Deploy.0 = Release|Any CPU
		{79BE7120-E1D7-48B1-81F5-6BAA9BF2C831}.Release|iPhone.ActiveCfg = Release|Any CPU
		{79BE7120-E1D7-48B1-81F5-6BAA9BF2C831}.Release|iPhone.Build.0 = Release|Any CPU
		{79BE7120-E1D7-48B1-81F5-6BAA9BF2C831}.Release|iPhone.Deploy.0 = Release|Any CPU
		{79BE7120-E1D7-48B1-81F5-6BAA9BF2C831}.Release|iPhoneSimulator.ActiveCfg = Release|Any CPU
		{79BE7120-E1D7-48B1-81F5-6BAA9BF2C831}.Release|iPhoneSimulator.Build.0 = Release|Any CPU
		{79BE7120-E1D7-48B1-81F5-6BAA9BF2C831}.Release|iPhoneSimulator.Deploy.0 = Release|Any CPU
	EndGlobalSection
	GlobalSection(SolutionProperties) = preSolution
		HideSolutionNode = FALSE
	EndGlobalSection
	GlobalSection(ExtensibilityGlobals) = postSolution
		SolutionGuid = {2CFBEB9C-F96D-4AFC-BCC6-FC74CDD0F697}
	EndGlobalSection
EndGlobal
